
Microsoft Visual Studio Solution File, Format Version 12.00
# Visual Studio Version 17
VisualStudioVersion = 17.0.32112.339
MinimumVisualStudioVersion = 10.0.40219.1
Project("{9A19103F-16F7-4668-BE54-9A1E7A4F7556}") = "EducationSystem.API", "EducationSystem\EducationSystem.API.csproj", "{4571F773-73F7-431F-B271-21FF5D250B04}"
EndProject
Project("{9A19103F-16F7-4668-BE54-9A1E7A4F7556}") = "DataLayer", "DataLayer\DataLayer.csproj", "{C3E021CE-CA93-4853-A9E9-9DEC488C846B}"
EndProject
Project("{9A19103F-16F7-4668-BE54-9A1E7A4F7556}") = "BusinessLayer", "BusinessLayer\BusinessLayer.csproj", "{91E9582F-92F0-4536-B4D9-8C06516D3814}"
EndProject
Project("{9A19103F-16F7-4668-BE54-9A1E7A4F7556}") = "BusinessLayer.Dto", "Dto\BusinessLayer.Dto.csproj", "{8396712B-790D-41AF-9039-0A5087A57381}"
EndProject
Project("{9A19103F-16F7-4668-BE54-9A1E7A4F7556}") = "BusinessLayer.Client", "BusinessLayer.Access\BusinessLayer.Client.csproj", "{E34337AD-F3B4-4DBE-9C95-E3C49DBABB57}"
EndProject
Project("{9A19103F-16F7-4668-BE54-9A1E7A4F7556}") = "DataAccess", "DataAccess\DataAccess.csproj", "{F481ABD7-FCB2-45A2-80A9-0D29B96B1FD3}"
EndProject
Project("{FAE04EC0-301F-11D3-BF4B-00C04F79EFBC}") = "EducationSystem.APP", "EducationSystem.APP\EducationSystem.APP.csproj", "{1D476CDC-E829-4267-A02E-B52A13688CD1}"
EndProject
Global
	GlobalSection(SolutionConfigurationPlatforms) = preSolution
		Debug|Any CPU = Debug|Any CPU
		Release|Any CPU = Release|Any CPU
	EndGlobalSection
	GlobalSection(ProjectConfigurationPlatforms) = postSolution
		{4571F773-73F7-431F-B271-21FF5D250B04}.Debug|Any CPU.ActiveCfg = Debug|Any CPU
		{4571F773-73F7-431F-B271-21FF5D250B04}.Debug|Any CPU.Build.0 = Debug|Any CPU
		{4571F773-73F7-431F-B271-21FF5D250B04}.Release|Any CPU.ActiveCfg = Release|Any CPU
		{4571F773-73F7-431F-B271-21FF5D250B04}.Release|Any CPU.Build.0 = Release|Any CPU
		{C3E021CE-CA93-4853-A9E9-9DEC488C846B}.Debug|Any CPU.ActiveCfg = Debug|Any CPU
		{C3E021CE-CA93-4853-A9E9-9DEC488C846B}.Debug|Any CPU.Build.0 = Debug|Any CPU
		{C3E021CE-CA93-4853-A9E9-9DEC488C846B}.Release|Any CPU.ActiveCfg = Release|Any CPU
		{C3E021CE-CA93-4853-A9E9-9DEC488C846B}.Release|Any CPU.Build.0 = Release|Any CPU
		{91E9582F-92F0-4536-B4D9-8C06516D3814}.Debug|Any CPU.ActiveCfg = Debug|Any CPU
		{91E9582F-92F0-4536-B4D9-8C06516D3814}.Debug|Any CPU.Build.0 = Debug|Any CPU
		{91E9582F-92F0-4536-B4D9-8C06516D3814}.Release|Any CPU.ActiveCfg = Release|Any CPU
		{91E9582F-92F0-4536-B4D9-8C06516D3814}.Release|Any CPU.Build.0 = Release|Any CPU
		{8396712B-790D-41AF-9039-0A5087A57381}.Debug|Any CPU.ActiveCfg = Debug|Any CPU
		{8396712B-790D-41AF-9039-0A5087A57381}.Debug|Any CPU.Build.0 = Debug|Any CPU
		{8396712B-790D-41AF-9039-0A5087A57381}.Release|Any CPU.ActiveCfg = Release|Any CPU
		{8396712B-790D-41AF-9039-0A5087A57381}.Release|Any CPU.Build.0 = Release|Any CPU
		{E34337AD-F3B4-4DBE-9C95-E3C49DBABB57}.Debug|Any CPU.ActiveCfg = Debug|Any CPU
		{E34337AD-F3B4-4DBE-9C95-E3C49DBABB57}.Debug|Any CPU.Build.0 = Debug|Any CPU
		{E34337AD-F3B4-4DBE-9C95-E3C49DBABB57}.Release|Any CPU.ActiveCfg = Release|Any CPU
		{E34337AD-F3B4-4DBE-9C95-E3C49DBABB57}.Release|Any CPU.Build.0 = Release|Any CPU
		{F481ABD7-FCB2-45A2-80A9-0D29B96B1FD3}.Debug|Any CPU.ActiveCfg = Debug|Any CPU
		{F481ABD7-FCB2-45A2-80A9-0D29B96B1FD3}.Debug|Any CPU.Build.0 = Debug|Any CPU
		{F481ABD7-FCB2-45A2-80A9-0D29B96B1FD3}.Release|Any CPU.ActiveCfg = Release|Any CPU
		{F481ABD7-FCB2-45A2-80A9-0D29B96B1FD3}.Release|Any CPU.Build.0 = Release|Any CPU
		{1D476CDC-E829-4267-A02E-B52A13688CD1}.Debug|Any CPU.ActiveCfg = Debug|Any CPU
		{1D476CDC-E829-4267-A02E-B52A13688CD1}.Debug|Any CPU.Build.0 = Debug|Any CPU
		{1D476CDC-E829-4267-A02E-B52A13688CD1}.Release|Any CPU.ActiveCfg = Release|Any CPU
		{1D476CDC-E829-4267-A02E-B52A13688CD1}.Release|Any CPU.Build.0 = Release|Any CPU
	EndGlobalSection
	GlobalSection(SolutionProperties) = preSolution
		HideSolutionNode = FALSE
	EndGlobalSection
	GlobalSection(ExtensibilityGlobals) = postSolution
		SolutionGuid = {AD44D57E-5D6D-4C5B-A40A-C586E6562171}
	EndGlobalSection
EndGlobal
